
Microsoft Visual Studio Solution File, Format Version 12.00
# Visual Studio Version 17
VisualStudioVersion = 17.5.33516.290
MinimumVisualStudioVersion = 10.0.40219.1
Project("{FAE04EC0-301F-11D3-BF4B-00C04F79EFBC}") = "Breakout", "Breakout.csproj", "{690F60B4-9A22-485A-8BDA-4001D0B49519}"
EndProject
Global
	GlobalSection(SolutionConfigurationPlatforms) = preSolution
		Debug|Any CPU = Debug|Any CPU
		Release|Any CPU = Release|Any CPU
	EndGlobalSection
	GlobalSection(ProjectConfigurationPlatforms) = postSolution
		{690F60B4-9A22-485A-8BDA-4001D0B49519}.Debug|Any CPU.ActiveCfg = Debug|Any CPU
		{690F60B4-9A22-485A-8BDA-4001D0B49519}.Debug|Any CPU.Build.0 = Debug|Any CPU
		{690F60B4-9A22-485A-8BDA-4001D0B49519}.Release|Any CPU.ActiveCfg = Release|Any CPU
		{690F60B4-9A22-485A-8BDA-4001D0B49519}.Release|Any CPU.Build.0 = Release|Any CPU
	EndGlobalSection
	GlobalSection(SolutionProperties) = preSolution
		HideSolutionNode = FALSE
	EndGlobalSection
	GlobalSection(ExtensibilityGlobals) = postSolution
		SolutionGuid = {74DAEDEB-2133-4775-85DC-90560D58FCC4}
	EndGlobalSection
EndGlobal
